<?xml version="1.0" encoding="UTF-8"?>
<Scheme
   version = "1.3">
   <BuildAction>
      <BuildActionEntries>
         <BuildActionEntry
            buildForRunning = "YES">
            <BuildableReference
               BuildableIdentifier = "primary"
               BlueprintIdentifier = "D2CECCF32489C4C40062E5A8"
               BuildableName = "Intern-Onboarding.app"
               BlueprintName = "Intern-Onboarding"
               ReferencedContainer = "container:Intern-Onboarding.xcodeproj">
            </BuildableReference>
         </BuildActionEntry>
      </BuildActionEntries>
   </BuildAction>
   <LaunchAction
      useCustomWorkingDirectory = "NO"
      buildConfiguration = "Debug"
      allowLocationSimulation = "YES">
      <BuildableProductRunnable>
         <BuildableReference
            BuildableIdentifier = "primary"
            BlueprintIdentifier = "D2CECCF32489C4C40062E5A8"
            BuildableName = "Intern-Onboarding.app"
            BlueprintName = "Intern-Onboarding"
            ReferencedContainer = "container:Intern-Onboarding.xcodeproj">
         </BuildableReference>
      </BuildableProductRunnable>
   </LaunchAction>
</Scheme>
