// !$*UTF8*$!
{
	archiveVersion = 1;
	classes = {
	};
	objectVersion = 50;
	objects = {

/* Begin PBXBuildFile section */
		1DFE195AD85D54F1D3FA521E /* ItemCell.swift in Sources */ = {isa = PBXBuildFile; fileRef = 1DFE1365B2B56BC0C6A2975D /* ItemCell.swift */; };
		1DFE1C7520347F523D4BC79E /* ItemModel.swift in Sources */ = {isa = PBXBuildFile; fileRef = 1DFE19C9F3C6FF4D9AC0E285 /* ItemModel.swift */; };
		1DFE1FDA1B23D355D649D0A3 /* Item.swift in Sources */ = {isa = PBXBuildFile; fileRef = 1DFE108005F78979F5AA6D11 /* Item.swift */; };
		D2CECCF82489C4C40062E5A8 /* AppDelegate.swift in Sources */ = {isa = PBXBuildFile; fileRef = D2CECCF72489C4C40062E5A8 /* AppDelegate.swift */; };
		D2CECCFA2489C4C40062E5A8 /* SceneDelegate.swift in Sources */ = {isa = PBXBuildFile; fileRef = D2CECCF92489C4C40062E5A8 /* SceneDelegate.swift */; };
		D2CECCFC2489C4C40062E5A8 /* ViewController.swift in Sources */ = {isa = PBXBuildFile; fileRef = D2CECCFB2489C4C40062E5A8 /* ViewController.swift */; };
		D2CECCFF2489C4C40062E5A8 /* Main.storyboard in Resources */ = {isa = PBXBuildFile; fileRef = D2CECCFD2489C4C40062E5A8 /* Main.storyboard */; };
		D2CECD012489C4C50062E5A8 /* Assets.xcassets in Resources */ = {isa = PBXBuildFile; fileRef = D2CECD002489C4C50062E5A8 /* Assets.xcassets */; };
		D2CECD042489C4C50062E5A8 /* LaunchScreen.storyboard in Resources */ = {isa = PBXBuildFile; fileRef = D2CECD022489C4C50062E5A8 /* LaunchScreen.storyboard */; };
/* End PBXBuildFile section */

/* Begin PBXFileReference section */
		1DFE108005F78979F5AA6D11 /* Item.swift */ = {isa = PBXFileReference; fileEncoding = 4; lastKnownFileType = sourcecode.swift; path = Item.swift; sourceTree = "<group>"; };
		1DFE1365B2B56BC0C6A2975D /* ItemCell.swift */ = {isa = PBXFileReference; fileEncoding = 4; lastKnownFileType = sourcecode.swift; path = ItemCell.swift; sourceTree = "<group>"; };
		1DFE19C9F3C6FF4D9AC0E285 /* ItemModel.swift */ = {isa = PBXFileReference; fileEncoding = 4; lastKnownFileType = sourcecode.swift; path = ItemModel.swift; sourceTree = "<group>"; };
		D2CECCF42489C4C40062E5A8 /* Intern-Onboarding.app */ = {isa = PBXFileReference; explicitFileType = wrapper.application; includeInIndex = 0; path = "Intern-Onboarding.app"; sourceTree = BUILT_PRODUCTS_DIR; };
		D2CECCF72489C4C40062E5A8 /* AppDelegate.swift */ = {isa = PBXFileReference; lastKnownFileType = sourcecode.swift; path = AppDelegate.swift; sourceTree = "<group>"; };
		D2CECCF92489C4C40062E5A8 /* SceneDelegate.swift */ = {isa = PBXFileReference; lastKnownFileType = sourcecode.swift; path = SceneDelegate.swift; sourceTree = "<group>"; };
		D2CECCFB2489C4C40062E5A8 /* ViewController.swift */ = {isa = PBXFileReference; lastKnownFileType = sourcecode.swift; path = ViewController.swift; sourceTree = "<group>"; };
		D2CECCFE2489C4C40062E5A8 /* Base */ = {isa = PBXFileReference; lastKnownFileType = file.storyboard; name = Base; path = Base.lproj/Main.storyboard; sourceTree = "<group>"; };
		D2CECD002489C4C50062E5A8 /* Assets.xcassets */ = {isa = PBXFileReference; lastKnownFileType = folder.assetcatalog; path = Assets.xcassets; sourceTree = "<group>"; };
		D2CECD032489C4C50062E5A8 /* Base */ = {isa = PBXFileReference; lastKnownFileType = file.storyboard; name = Base; path = Base.lproj/LaunchScreen.storyboard; sourceTree = "<group>"; };
		D2CECD052489C4C50062E5A8 /* Info.plist */ = {isa = PBXFileReference; lastKnownFileType = text.plist.xml; path = Info.plist; sourceTree = "<group>"; };
/* End PBXFileReference section */

/* Begin PBXFrameworksBuildPhase section */
		D2CECCF12489C4C40062E5A8 /* Frameworks */ = {
			isa = PBXFrameworksBuildPhase;
			buildActionMask = 2147483647;
			files = (
			);
			runOnlyForDeploymentPostprocessing = 0;
		};
/* End PBXFrameworksBuildPhase section */

/* Begin PBXGroup section */
		D2CECCEB2489C4C40062E5A8 = {
			isa = PBXGroup;
			children = (
				D2CECCF62489C4C40062E5A8 /* Intern-Onboarding */,
				D2CECCF52489C4C40062E5A8 /* Products */,
			);
			sourceTree = "<group>";
		};
		D2CECCF52489C4C40062E5A8 /* Products */ = {
			isa = PBXGroup;
			children = (
				D2CECCF42489C4C40062E5A8 /* Intern-Onboarding.app */,
			);
			name = Products;
			sourceTree = "<group>";
		};
		D2CECCF62489C4C40062E5A8 /* Intern-Onboarding */ = {
			isa = PBXGroup;
			children = (
				D2CECCF72489C4C40062E5A8 /* AppDelegate.swift */,
				D2CECCF92489C4C40062E5A8 /* SceneDelegate.swift */,
				D2CECCFB2489C4C40062E5A8 /* ViewController.swift */,
				D2CECCFD2489C4C40062E5A8 /* Main.storyboard */,
				D2CECD002489C4C50062E5A8 /* Assets.xcassets */,
				D2CECD022489C4C50062E5A8 /* LaunchScreen.storyboard */,
				D2CECD052489C4C50062E5A8 /* Info.plist */,
				1DFE108005F78979F5AA6D11 /* Item.swift */,
				1DFE1365B2B56BC0C6A2975D /* ItemCell.swift */,
				1DFE19C9F3C6FF4D9AC0E285 /* ItemModel.swift */,
			);
			path = "Intern-Onboarding";
			sourceTree = "<group>";
		};
/* End PBXGroup section */

/* Begin PBXNativeTarget section */
		D2CECCF32489C4C40062E5A8 /* Intern-Onboarding */ = {
			isa = PBXNativeTarget;
			buildConfigurationList = D2CECD082489C4C50062E5A8 /* Build configuration list for PBXNativeTarget "Intern-Onboarding" */;
			buildPhases = (
				D2CECCF02489C4C40062E5A8 /* Sources */,
				D2CECCF12489C4C40062E5A8 /* Frameworks */,
				D2CECCF22489C4C40062E5A8 /* Resources */,
			);
			buildRules = (
			);
			dependencies = (
			);
			name = "Intern-Onboarding";
			productName = "Intern-Onboarding";
			productReference = D2CECCF42489C4C40062E5A8 /* Intern-Onboarding.app */;
			productType = "com.apple.product-type.application";
		};
/* End PBXNativeTarget section */

/* Begin PBXProject section */
		D2CECCEC2489C4C40062E5A8 /* Project object */ = {
			isa = PBXProject;
			attributes = {
				LastSwiftUpdateCheck = 1150;
				LastUpgradeCheck = 1150;
				ORGANIZATIONNAME = "WW International, Inc.";
				TargetAttributes = {
					D2CECCF32489C4C40062E5A8 = {
						CreatedOnToolsVersion = 11.5;
					};
				};
			};
			buildConfigurationList = D2CECCEF2489C4C40062E5A8 /* Build configuration list for PBXProject "Intern-Onboarding" */;
			compatibilityVersion = "Xcode 9.3";
			developmentRegion = en;
			hasScannedForEncodings = 0;
			knownRegions = (
				en,
				Base,
			);
			mainGroup = D2CECCEB2489C4C40062E5A8;
			productRefGroup = D2CECCF52489C4C40062E5A8 /* Products */;
			projectDirPath = "";
			projectRoot = "";
			targets = (
				D2CECCF32489C4C40062E5A8 /* Intern-Onboarding */,
			);
		};
/* End PBXProject section */

/* Begin PBXResourcesBuildPhase section */
		D2CECCF22489C4C40062E5A8 /* Resources */ = {
			isa = PBXResourcesBuildPhase;
			buildActionMask = 2147483647;
			files = (
				D2CECD042489C4C50062E5A8 /* LaunchScreen.storyboard in Resources */,
				D2CECD012489C4C50062E5A8 /* Assets.xcassets in Resources */,
				D2CECCFF2489C4C40062E5A8 /* Main.storyboard in Resources */,
			);
			runOnlyForDeploymentPostprocessing = 0;
		};
/* End PBXResourcesBuildPhase section */

/* Begin PBXSourcesBuildPhase section */
		D2CECCF02489C4C40062E5A8 /* Sources */ = {
			isa = PBXSourcesBuildPhase;
			buildActionMask = 2147483647;
			files = (
				D2CECCFC2489C4C40062E5A8 /* ViewController.swift in Sources */,
				D2CECCF82489C4C40062E5A8 /* AppDelegate.swift in Sources */,
				D2CECCFA2489C4C40062E5A8 /* SceneDelegate.swift in Sources */,
				1DFE1FDA1B23D355D649D0A3 /* Item.swift in Sources */,
				1DFE195AD85D54F1D3FA521E /* ItemCell.swift in Sources */,
				1DFE1C7520347F523D4BC79E /* ItemModel.swift in Sources */,
			);
			runOnlyForDeploymentPostprocessing = 0;
		};
/* End PBXSourcesBuildPhase section */

/* Begin PBXVariantGroup section */
		D2CECCFD2489C4C40062E5A8 /* Main.storyboard */ = {
			isa = PBXVariantGroup;
			children = (
				D2CECCFE2489C4C40062E5A8 /* Base */,
			);
			name = Main.storyboard;
			sourceTree = "<group>";
		};
		D2CECD022489C4C50062E5A8 /* LaunchScreen.storyboard */ = {
			isa = PBXVariantGroup;
			children = (
				D2CECD032489C4C50062E5A8 /* Base */,
			);
			name = LaunchScreen.storyboard;
			sourceTree = "<group>";
		};
/* End PBXVariantGroup section */

/* Begin XCBuildConfiguration section */
		D2CECD062489C4C50062E5A8 /* Debug */ = {
			isa = XCBuildConfiguration;
			buildSettings = {
				ALWAYS_SEARCH_USER_PATHS = NO;
				CLANG_ANALYZER_NONNULL = YES;
				CLANG_ANALYZER_NUMBER_OBJECT_CONVERSION = YES_AGGRESSIVE;
				CLANG_CXX_LANGUAGE_STANDARD = "gnu++14";
				CLANG_CXX_LIBRARY = "libc++";
				CLANG_ENABLE_MODULES = YES;
				CLANG_ENABLE_OBJC_ARC = YES;
				CLANG_ENABLE_OBJC_WEAK = YES;
				CLANG_WARN_BLOCK_CAPTURE_AUTORELEASING = YES;
				CLANG_WARN_BOOL_CONVERSION = YES;
				CLANG_WARN_COMMA = YES;
				CLANG_WARN_CONSTANT_CONVERSION = YES;
				CLANG_WARN_DEPRECATED_OBJC_IMPLEMENTATIONS = YES;
				CLANG_WARN_DIRECT_OBJC_ISA_USAGE = YES_ERROR;
				CLANG_WARN_DOCUMENTATION_COMMENTS = YES;
				CLANG_WARN_EMPTY_BODY = YES;
				CLANG_WARN_ENUM_CONVERSION = YES;
				CLANG_WARN_INFINITE_RECURSION = YES;
				CLANG_WARN_INT_CONVERSION = YES;
				CLANG_WARN_NON_LITERAL_NULL_CONVERSION = YES;
				CLANG_WARN_OBJC_IMPLICIT_RETAIN_SELF = YES;
				CLANG_WARN_OBJC_LITERAL_CONVERSION = YES;
				CLANG_WARN_OBJC_ROOT_CLASS = YES_ERROR;
				CLANG_WARN_RANGE_LOOP_ANALYSIS = YES;
				CLANG_WARN_STRICT_PROTOTYPES = YES;
				CLANG_WARN_SUSPICIOUS_MOVE = YES;
				CLANG_WARN_UNGUARDED_AVAILABILITY = YES_AGGRESSIVE;
				CLANG_WARN_UNREACHABLE_CODE = YES;
				CLANG_WARN__DUPLICATE_METHOD_MATCH = YES;
				COPY_PHASE_STRIP = NO;
				DEBUG_INFORMATION_FORMAT = dwarf;
				ENABLE_STRICT_OBJC_MSGSEND = YES;
				ENABLE_TESTABILITY = YES;
				GCC_C_LANGUAGE_STANDARD = gnu11;
				GCC_DYNAMIC_NO_PIC = NO;
				GCC_NO_COMMON_BLOCKS = YES;
				GCC_OPTIMIZATION_LEVEL = 0;
				GCC_PREPROCESSOR_DEFINITIONS = (
					"DEBUG=1",
					"$(inherited)",
				);
				GCC_WARN_64_TO_32_BIT_CONVERSION = YES;
				GCC_WARN_ABOUT_RETURN_TYPE = YES_ERROR;
				GCC_WARN_UNDECLARED_SELECTOR = YES;
				GCC_WARN_UNINITIALIZED_AUTOS = YES_AGGRESSIVE;
				GCC_WARN_UNUSED_FUNCTION = YES;
				GCC_WARN_UNUSED_VARIABLE = YES;
				IPHONEOS_DEPLOYMENT_TARGET = 13.5;
				MTL_ENABLE_DEBUG_INFO = INCLUDE_SOURCE;
				MTL_FAST_MATH = YES;
				ONLY_ACTIVE_ARCH = YES;
				SDKROOT = iphoneos;
				SWIFT_ACTIVE_COMPILATION_CONDITIONS = DEBUG;
				SWIFT_OPTIMIZATION_LEVEL = "-Onone";
			};
			name = Debug;
		};
		D2CECD072489C4C50062E5A8 /* Release */ = {
			isa = XCBuildConfiguration;
			buildSettings = {
				ALWAYS_SEARCH_USER_PATHS = NO;
				CLANG_ANALYZER_NONNULL = YES;
				CLANG_ANALYZER_NUMBER_OBJECT_CONVERSION = YES_AGGRESSIVE;
				CLANG_CXX_LANGUAGE_STANDARD = "gnu++14";
				CLANG_CXX_LIBRARY = "libc++";
				CLANG_ENABLE_MODULES = YES;
				CLANG_ENABLE_OBJC_ARC = YES;
				CLANG_ENABLE_OBJC_WEAK = YES;
				CLANG_WARN_BLOCK_CAPTURE_AUTORELEASING = YES;
				CLANG_WARN_BOOL_CONVERSION = YES;
				CLANG_WARN_COMMA = YES;
				CLANG_WARN_CONSTANT_CONVERSION = YES;
				CLANG_WARN_DEPRECATED_OBJC_IMPLEMENTATIONS = YES;
				CLANG_WARN_DIRECT_OBJC_ISA_USAGE = YES_ERROR;
				CLANG_WARN_DOCUMENTATION_COMMENTS = YES;
				CLANG_WARN_EMPTY_BODY = YES;
				CLANG_WARN_ENUM_CONVERSION = YES;
				CLANG_WARN_INFINITE_RECURSION = YES;
				CLANG_WARN_INT_CONVERSION = YES;
				CLANG_WARN_NON_LITERAL_NULL_CONVERSION = YES;
				CLANG_WARN_OBJC_IMPLICIT_RETAIN_SELF = YES;
				CLANG_WARN_OBJC_LITERAL_CONVERSION = YES;
				CLANG_WARN_OBJC_ROOT_CLASS = YES_ERROR;
				CLANG_WARN_RANGE_LOOP_ANALYSIS = YES;
				CLANG_WARN_STRICT_PROTOTYPES = YES;
				CLANG_WARN_SUSPICIOUS_MOVE = YES;
				CLANG_WARN_UNGUARDED_AVAILABILITY = YES_AGGRESSIVE;
				CLANG_WARN_UNREACHABLE_CODE = YES;
				CLANG_WARN__DUPLICATE_METHOD_MATCH = YES;
				COPY_PHASE_STRIP = NO;
				DEBUG_INFORMATION_FORMAT = "dwarf-with-dsym";
				ENABLE_NS_ASSERTIONS = NO;
				ENABLE_STRICT_OBJC_MSGSEND = YES;
				GCC_C_LANGUAGE_STANDARD = gnu11;
				GCC_NO_COMMON_BLOCKS = YES;
				GCC_WARN_64_TO_32_BIT_CONVERSION = YES;
				GCC_WARN_ABOUT_RETURN_TYPE = YES_ERROR;
				GCC_WARN_UNDECLARED_SELECTOR = YES;
				GCC_WARN_UNINITIALIZED_AUTOS = YES_AGGRESSIVE;
				GCC_WARN_UNUSED_FUNCTION = YES;
				GCC_WARN_UNUSED_VARIABLE = YES;
				IPHONEOS_DEPLOYMENT_TARGET = 13.5;
				MTL_ENABLE_DEBUG_INFO = NO;
				MTL_FAST_MATH = YES;
				SDKROOT = iphoneos;
				SWIFT_COMPILATION_MODE = wholemodule;
				SWIFT_OPTIMIZATION_LEVEL = "-O";
				VALIDATE_PRODUCT = YES;
			};
			name = Release;
		};
		D2CECD092489C4C50062E5A8 /* Debug */ = {
			isa = XCBuildConfiguration;
			buildSettings = {
				ASSETCATALOG_COMPILER_APPICON_NAME = AppIcon;
				CODE_SIGN_STYLE = Automatic;
				DEVELOPMENT_TEAM = 788C79K6WH;
				INFOPLIST_FILE = "Intern-Onboarding/Info.plist";
				LD_RUNPATH_SEARCH_PATHS = (
					"$(inherited)",
					"@executable_path/Frameworks",
				);
				PRODUCT_BUNDLE_IDENTIFIER = "com.ww.Intern-Onboarding";
				PRODUCT_NAME = "$(TARGET_NAME)";
				SWIFT_VERSION = 5.0;
				TARGETED_DEVICE_FAMILY = "1,2";
			};
			name = Debug;
		};
		D2CECD0A2489C4C50062E5A8 /* Release */ = {
			isa = XCBuildConfiguration;
			buildSettings = {
				ASSETCATALOG_COMPILER_APPICON_NAME = AppIcon;
				CODE_SIGN_STYLE = Automatic;
				DEVELOPMENT_TEAM = 788C79K6WH;
				INFOPLIST_FILE = "Intern-Onboarding/Info.plist";
				LD_RUNPATH_SEARCH_PATHS = (
					"$(inherited)",
					"@executable_path/Frameworks",
				);
				PRODUCT_BUNDLE_IDENTIFIER = "com.ww.Intern-Onboarding";
				PRODUCT_NAME = "$(TARGET_NAME)";
				SWIFT_VERSION = 5.0;
				TARGETED_DEVICE_FAMILY = "1,2";
			};
			name = Release;
		};
/* End XCBuildConfiguration section */

/* Begin XCConfigurationList section */
		D2CECCEF2489C4C40062E5A8 /* Build configuration list for PBXProject "Intern-Onboarding" */ = {
			isa = XCConfigurationList;
			buildConfigurations = (
				D2CECD062489C4C50062E5A8 /* Debug */,
				D2CECD072489C4C50062E5A8 /* Release */,
			);
			defaultConfigurationIsVisible = 0;
			defaultConfigurationName = Release;
		};
		D2CECD082489C4C50062E5A8 /* Build configuration list for PBXNativeTarget "Intern-Onboarding" */ = {
			isa = XCConfigurationList;
			buildConfigurations = (
				D2CECD092489C4C50062E5A8 /* Debug */,
				D2CECD0A2489C4C50062E5A8 /* Release */,
			);
			defaultConfigurationIsVisible = 0;
			defaultConfigurationName = Release;
		};
/* End XCConfigurationList section */
	};
	rootObject = D2CECCEC2489C4C40062E5A8 /* Project object */;
}
